
Microsoft Visual Studio Solution File, Format Version 12.00
# Visual Studio 14
VisualStudioVersion = 14.0.25420.1
MinimumVisualStudioVersion = 10.0.40219.1
Project("{2150E333-8FDC-42A3-9474-1A3956D46DE8}") = "Engine", "Engine", "{9675A65E-7A12-4832-93CB-311588FE0B9C}"
EndProject
Project("{2150E333-8FDC-42A3-9474-1A3956D46DE8}") = "Games", "Games", "{D0CA5E15-C9FD-4B87-8886-C2C47B0AC870}"
EndProject
Project("{8BC9CEB8-8B4A-11D0-8D11-00A0C91BC942}") = "UE4", "Intermediate\ProjectFiles\UE4.vcxproj", "{818BA5DD-CBC9-4B6C-8E98-8FA0E69DA901}"
EndProject
Project("{8BC9CEB8-8B4A-11D0-8D11-00A0C91BC942}") = "BatteryCollector", "Intermediate\ProjectFiles\BatteryCollector.vcxproj", "{A5ED2D3C-F5C5-44E9-9B8B-8D7529957EA5}"
EndProject
Global
	GlobalSection(SolutionConfigurationPlatforms) = preSolution
		DebugGame Editor|Win32 = DebugGame Editor|Win32
		DebugGame Editor|Win64 = DebugGame Editor|Win64
		DebugGame|Win32 = DebugGame|Win32
		DebugGame|Win64 = DebugGame|Win64
		Development Editor|Win32 = Development Editor|Win32
		Development Editor|Win64 = Development Editor|Win64
		Development|Win32 = Development|Win32
		Development|Win64 = Development|Win64
		Shipping|Win32 = Shipping|Win32
		Shipping|Win64 = Shipping|Win64
	EndGlobalSection
	GlobalSection(ProjectConfigurationPlatforms) = postSolution
		{818BA5DD-CBC9-4B6C-8E98-8FA0E69DA901}.DebugGame Editor|Win32.ActiveCfg = BuiltWithUnrealBuildTool|Win32
		{818BA5DD-CBC9-4B6C-8E98-8FA0E69DA901}.DebugGame Editor|Win32.Build.0 = BuiltWithUnrealBuildTool|Win32
		{818BA5DD-CBC9-4B6C-8E98-8FA0E69DA901}.DebugGame Editor|Win64.ActiveCfg = BuiltWithUnrealBuildTool|Win32
		{818BA5DD-CBC9-4B6C-8E98-8FA0E69DA901}.DebugGame Editor|Win64.Build.0 = BuiltWithUnrealBuildTool|Win32
		{818BA5DD-CBC9-4B6C-8E98-8FA0E69DA901}.DebugGame|Win32.ActiveCfg = BuiltWithUnrealBuildTool|Win32
		{818BA5DD-CBC9-4B6C-8E98-8FA0E69DA901}.DebugGame|Win32.Build.0 = BuiltWithUnrealBuildTool|Win32
		{818BA5DD-CBC9-4B6C-8E98-8FA0E69DA901}.DebugGame|Win64.ActiveCfg = BuiltWithUnrealBuildTool|Win32
		{818BA5DD-CBC9-4B6C-8E98-8FA0E69DA901}.DebugGame|Win64.Build.0 = BuiltWithUnrealBuildTool|Win32
		{818BA5DD-CBC9-4B6C-8E98-8FA0E69DA901}.Development Editor|Win32.ActiveCfg = BuiltWithUnrealBuildTool|Win32
		{818BA5DD-CBC9-4B6C-8E98-8FA0E69DA901}.Development Editor|Win32.Build.0 = BuiltWithUnrealBuildTool|Win32
		{818BA5DD-CBC9-4B6C-8E98-8FA0E69DA901}.Development Editor|Win64.ActiveCfg = BuiltWithUnrealBuildTool|Win32
		{818BA5DD-CBC9-4B6C-8E98-8FA0E69DA901}.Development Editor|Win64.Build.0 = BuiltWithUnrealBuildTool|Win32
		{818BA5DD-CBC9-4B6C-8E98-8FA0E69DA901}.Development|Win32.ActiveCfg = BuiltWithUnrealBuildTool|Win32
		{818BA5DD-CBC9-4B6C-8E98-8FA0E69DA901}.Development|Win32.Build.0 = BuiltWithUnrealBuildTool|Win32
		{818BA5DD-CBC9-4B6C-8E98-8FA0E69DA901}.Development|Win64.ActiveCfg = BuiltWithUnrealBuildTool|Win32
		{818BA5DD-CBC9-4B6C-8E98-8FA0E69DA901}.Development|Win64.Build.0 = BuiltWithUnrealBuildTool|Win32
		{818BA5DD-CBC9-4B6C-8E98-8FA0E69DA901}.Shipping|Win32.ActiveCfg = BuiltWithUnrealBuildTool|Win32
		{818BA5DD-CBC9-4B6C-8E98-8FA0E69DA901}.Shipping|Win32.Build.0 = BuiltWithUnrealBuildTool|Win32
		{818BA5DD-CBC9-4B6C-8E98-8FA0E69DA901}.Shipping|Win64.ActiveCfg = BuiltWithUnrealBuildTool|Win32
		{818BA5DD-CBC9-4B6C-8E98-8FA0E69DA901}.Shipping|Win64.Build.0 = BuiltWithUnrealBuildTool|Win32
		{A5ED2D3C-F5C5-44E9-9B8B-8D7529957EA5}.DebugGame Editor|Win32.ActiveCfg = DebugGame_Editor|Win32
		{A5ED2D3C-F5C5-44E9-9B8B-8D7529957EA5}.DebugGame Editor|Win64.ActiveCfg = DebugGame_Editor|x64
		{A5ED2D3C-F5C5-44E9-9B8B-8D7529957EA5}.DebugGame Editor|Win64.Build.0 = DebugGame_Editor|x64
		{A5ED2D3C-F5C5-44E9-9B8B-8D7529957EA5}.DebugGame|Win32.ActiveCfg = DebugGame_Game|Win32
		{A5ED2D3C-F5C5-44E9-9B8B-8D7529957EA5}.DebugGame|Win32.Build.0 = DebugGame_Game|Win32
		{A5ED2D3C-F5C5-44E9-9B8B-8D7529957EA5}.DebugGame|Win64.ActiveCfg = DebugGame_Game|x64
		{A5ED2D3C-F5C5-44E9-9B8B-8D7529957EA5}.DebugGame|Win64.Build.0 = DebugGame_Game|x64
		{A5ED2D3C-F5C5-44E9-9B8B-8D7529957EA5}.Development Editor|Win32.ActiveCfg = Development_Editor|Win32
		{A5ED2D3C-F5C5-44E9-9B8B-8D7529957EA5}.Development Editor|Win64.ActiveCfg = Development_Editor|x64
		{A5ED2D3C-F5C5-44E9-9B8B-8D7529957EA5}.Development Editor|Win64.Build.0 = Development_Editor|x64
		{A5ED2D3C-F5C5-44E9-9B8B-8D7529957EA5}.Development|Win32.ActiveCfg = Development_Game|Win32
		{A5ED2D3C-F5C5-44E9-9B8B-8D7529957EA5}.Development|Win32.Build.0 = Development_Game|Win32
		{A5ED2D3C-F5C5-44E9-9B8B-8D7529957EA5}.Development|Win64.ActiveCfg = Development_Game|x64
		{A5ED2D3C-F5C5-44E9-9B8B-8D7529957EA5}.Development|Win64.Build.0 = Development_Game|x64
		{A5ED2D3C-F5C5-44E9-9B8B-8D7529957EA5}.Shipping|Win32.ActiveCfg = Shipping_Game|Win32
		{A5ED2D3C-F5C5-44E9-9B8B-8D7529957EA5}.Shipping|Win32.Build.0 = Shipping_Game|Win32
		{A5ED2D3C-F5C5-44E9-9B8B-8D7529957EA5}.Shipping|Win64.ActiveCfg = Shipping_Game|x64
		{A5ED2D3C-F5C5-44E9-9B8B-8D7529957EA5}.Shipping|Win64.Build.0 = Shipping_Game|x64
	EndGlobalSection
	GlobalSection(SolutionProperties) = preSolution
		HideSolutionNode = FALSE
	EndGlobalSection
	GlobalSection(NestedProjects) = preSolution
		{818BA5DD-CBC9-4B6C-8E98-8FA0E69DA901} = {9675A65E-7A12-4832-93CB-311588FE0B9C}
		{A5ED2D3C-F5C5-44E9-9B8B-8D7529957EA5} = {D0CA5E15-C9FD-4B87-8886-C2C47B0AC870}
	EndGlobalSection
EndGlobal
